// !$*UTF8*$!
{
	archiveVersion = 1;
	classes = {
	};
	objectVersion = 55;
	objects = {

/* Begin PBXBuildFile section */
		44DA2301280F2A6D000FF1D2 /* Tests_iOS.swift in Sources */ = {isa = PBXBuildFile; fileRef = 44DA2300280F2A6D000FF1D2 /* Tests_iOS.swift */; };
		44DA2303280F2A6D000FF1D2 /* Tests_iOSLaunchTests.swift in Sources */ = {isa = PBXBuildFile; fileRef = 44DA2302280F2A6D000FF1D2 /* Tests_iOSLaunchTests.swift */; };
		44DA230D280F2A6D000FF1D2 /* Tests_macOS.swift in Sources */ = {isa = PBXBuildFile; fileRef = 44DA230C280F2A6D000FF1D2 /* Tests_macOS.swift */; };
		44DA230F280F2A6D000FF1D2 /* Tests_macOSLaunchTests.swift in Sources */ = {isa = PBXBuildFile; fileRef = 44DA230E280F2A6D000FF1D2 /* Tests_macOSLaunchTests.swift */; };
		44DA2310280F2A6D000FF1D2 /* CatchTheKennyGameApp.swift in Sources */ = {isa = PBXBuildFile; fileRef = 44DA22E8280F2A6B000FF1D2 /* CatchTheKennyGameApp.swift */; };
		44DA2311280F2A6D000FF1D2 /* CatchTheKennyGameApp.swift in Sources */ = {isa = PBXBuildFile; fileRef = 44DA22E8280F2A6B000FF1D2 /* CatchTheKennyGameApp.swift */; };
		44DA2312280F2A6D000FF1D2 /* ContentView.swift in Sources */ = {isa = PBXBuildFile; fileRef = 44DA22E9280F2A6B000FF1D2 /* ContentView.swift */; };
		44DA2313280F2A6D000FF1D2 /* ContentView.swift in Sources */ = {isa = PBXBuildFile; fileRef = 44DA22E9280F2A6B000FF1D2 /* ContentView.swift */; };
		44DA2314280F2A6D000FF1D2 /* Assets.xcassets in Resources */ = {isa = PBXBuildFile; fileRef = 44DA22EA280F2A6D000FF1D2 /* Assets.xcassets */; };
		44DA2315280F2A6D000FF1D2 /* Assets.xcassets in Resources */ = {isa = PBXBuildFile; fileRef = 44DA22EA280F2A6D000FF1D2 /* Assets.xcassets */; };
/* End PBXBuildFile section */

/* Begin PBXContainerItemProxy section */
		44DA22FD280F2A6D000FF1D2 /* PBXContainerItemProxy */ = {
			isa = PBXContainerItemProxy;
			containerPortal = 44DA22E3280F2A6B000FF1D2 /* Project object */;
			proxyType = 1;
			remoteGlobalIDString = 44DA22EE280F2A6D000FF1D2;
			remoteInfo = "CatchTheKennyGame (iOS)";
		};
		44DA2309280F2A6D000FF1D2 /* PBXContainerItemProxy */ = {
			isa = PBXContainerItemProxy;
			containerPortal = 44DA22E3280F2A6B000FF1D2 /* Project object */;
			proxyType = 1;
			remoteGlobalIDString = 44DA22F4280F2A6D000FF1D2;
			remoteInfo = "CatchTheKennyGame (macOS)";
		};
/* End PBXContainerItemProxy section */

/* Begin PBXFileReference section */
		44DA22E8280F2A6B000FF1D2 /* CatchTheKennyGameApp.swift */ = {isa = PBXFileReference; lastKnownFileType = sourcecode.swift; path = CatchTheKennyGameApp.swift; sourceTree = "<group>"; };
		44DA22E9280F2A6B000FF1D2 /* ContentView.swift */ = {isa = PBXFileReference; lastKnownFileType = sourcecode.swift; path = ContentView.swift; sourceTree = "<group>"; };
		44DA22EA280F2A6D000FF1D2 /* Assets.xcassets */ = {isa = PBXFileReference; lastKnownFileType = folder.assetcatalog; path = Assets.xcassets; sourceTree = "<group>"; };
		44DA22EF280F2A6D000FF1D2 /* CatchTheKennyGame.app */ = {isa = PBXFileReference; explicitFileType = wrapper.application; includeInIndex = 0; path = CatchTheKennyGame.app; sourceTree = BUILT_PRODUCTS_DIR; };
		44DA22F5280F2A6D000FF1D2 /* CatchTheKennyGame.app */ = {isa = PBXFileReference; explicitFileType = wrapper.application; includeInIndex = 0; path = CatchTheKennyGame.app; sourceTree = BUILT_PRODUCTS_DIR; };
		44DA22F7280F2A6D000FF1D2 /* macOS.entitlements */ = {isa = PBXFileReference; lastKnownFileType = text.plist.entitlements; path = macOS.entitlements; sourceTree = "<group>"; };
		44DA22FC280F2A6D000FF1D2 /* Tests iOS.xctest */ = {isa = PBXFileReference; explicitFileType = wrapper.cfbundle; includeInIndex = 0; path = "Tests iOS.xctest"; sourceTree = BUILT_PRODUCTS_DIR; };
		44DA2300280F2A6D000FF1D2 /* Tests_iOS.swift */ = {isa = PBXFileReference; lastKnownFileType = sourcecode.swift; path = Tests_iOS.swift; sourceTree = "<group>"; };
		44DA2302280F2A6D000FF1D2 /* Tests_iOSLaunchTests.swift */ = {isa = PBXFileReference; lastKnownFileType = sourcecode.swift; path = Tests_iOSLaunchTests.swift; sourceTree = "<group>"; };
		44DA2308280F2A6D000FF1D2 /* Tests macOS.xctest */ = {isa = PBXFileReference; explicitFileType = wrapper.cfbundle; includeInIndex = 0; path = "Tests macOS.xctest"; sourceTree = BUILT_PRODUCTS_DIR; };
		44DA230C280F2A6D000FF1D2 /* Tests_macOS.swift */ = {isa = PBXFileReference; lastKnownFileType = sourcecode.swift; path = Tests_macOS.swift; sourceTree = "<group>"; };
		44DA230E280F2A6D000FF1D2 /* Tests_macOSLaunchTests.swift */ = {isa = PBXFileReference; lastKnownFileType = sourcecode.swift; path = Tests_macOSLaunchTests.swift; sourceTree = "<group>"; };
/* End PBXFileReference section */

/* Begin PBXFrameworksBuildPhase section */
		44DA22EC280F2A6D000FF1D2 /* Frameworks */ = {
			isa = PBXFrameworksBuildPhase;
			buildActionMask = 2147483647;
			files = (
			);
			runOnlyForDeploymentPostprocessing = 0;
		};
		44DA22F2280F2A6D000FF1D2 /* Frameworks */ = {
			isa = PBXFrameworksBuildPhase;
			buildActionMask = 2147483647;
			files = (
			);
			runOnlyForDeploymentPostprocessing = 0;
		};
		44DA22F9280F2A6D000FF1D2 /* Frameworks */ = {
			isa = PBXFrameworksBuildPhase;
			buildActionMask = 2147483647;
			files = (
			);
			runOnlyForDeploymentPostprocessing = 0;
		};
		44DA2305280F2A6D000FF1D2 /* Frameworks */ = {
			isa = PBXFrameworksBuildPhase;
			buildActionMask = 2147483647;
			files = (
			);
			runOnlyForDeploymentPostprocessing = 0;
		};
/* End PBXFrameworksBuildPhase section */

/* Begin PBXGroup section */
		44DA22E2280F2A6B000FF1D2 = {
			isa = PBXGroup;
			children = (
				44DA22E7280F2A6B000FF1D2 /* Shared */,
				44DA22F6280F2A6D000FF1D2 /* macOS */,
				44DA22FF280F2A6D000FF1D2 /* Tests iOS */,
				44DA230B280F2A6D000FF1D2 /* Tests macOS */,
				44DA22F0280F2A6D000FF1D2 /* Products */,
			);
			sourceTree = "<group>";
		};
		44DA22E7280F2A6B000FF1D2 /* Shared */ = {
			isa = PBXGroup;
			children = (
				44DA22E8280F2A6B000FF1D2 /* CatchTheKennyGameApp.swift */,
				44DA22E9280F2A6B000FF1D2 /* ContentView.swift */,
				44DA22EA280F2A6D000FF1D2 /* Assets.xcassets */,
			);
			path = Shared;
			sourceTree = "<group>";
		};
		44DA22F0280F2A6D000FF1D2 /* Products */ = {
			isa = PBXGroup;
			children = (
				44DA22EF280F2A6D000FF1D2 /* CatchTheKennyGame.app */,
				44DA22F5280F2A6D000FF1D2 /* CatchTheKennyGame.app */,
				44DA22FC280F2A6D000FF1D2 /* Tests iOS.xctest */,
				44DA2308280F2A6D000FF1D2 /* Tests macOS.xctest */,
			);
			name = Products;
			sourceTree = "<group>";
		};
		44DA22F6280F2A6D000FF1D2 /* macOS */ = {
			isa = PBXGroup;
			children = (
				44DA22F7280F2A6D000FF1D2 /* macOS.entitlements */,
			);
			path = macOS;
			sourceTree = "<group>";
		};
		44DA22FF280F2A6D000FF1D2 /* Tests iOS */ = {
			isa = PBXGroup;
			children = (
				44DA2300280F2A6D000FF1D2 /* Tests_iOS.swift */,
				44DA2302280F2A6D000FF1D2 /* Tests_iOSLaunchTests.swift */,
			);
			path = "Tests iOS";
			sourceTree = "<group>";
		};
		44DA230B280F2A6D000FF1D2 /* Tests macOS */ = {
			isa = PBXGroup;
			children = (
				44DA230C280F2A6D000FF1D2 /* Tests_macOS.swift */,
				44DA230E280F2A6D000FF1D2 /* Tests_macOSLaunchTests.swift */,
			);
			path = "Tests macOS";
			sourceTree = "<group>";
		};
/* End PBXGroup section */

/* Begin PBXNativeTarget section */
		44DA22EE280F2A6D000FF1D2 /* CatchTheKennyGame (iOS) */ = {
			isa = PBXNativeTarget;
			buildConfigurationList = 44DA2318280F2A6D000FF1D2 /* Build configuration list for PBXNativeTarget "CatchTheKennyGame (iOS)" */;
			buildPhases = (
				44DA22EB280F2A6D000FF1D2 /* Sources */,
				44DA22EC280F2A6D000FF1D2 /* Frameworks */,
				44DA22ED280F2A6D000FF1D2 /* Resources */,
			);
			buildRules = (
			);
			dependencies = (
			);
			name = "CatchTheKennyGame (iOS)";
			productName = "CatchTheKennyGame (iOS)";
			productReference = 44DA22EF280F2A6D000FF1D2 /* CatchTheKennyGame.app */;
			productType = "com.apple.product-type.application";
		};
		44DA22F4280F2A6D000FF1D2 /* CatchTheKennyGame (macOS) */ = {
			isa = PBXNativeTarget;
			buildConfigurationList = 44DA231B280F2A6D000FF1D2 /* Build configuration list for PBXNativeTarget "CatchTheKennyGame (macOS)" */;
			buildPhases = (
				44DA22F1280F2A6D000FF1D2 /* Sources */,
				44DA22F2280F2A6D000FF1D2 /* Frameworks */,
				44DA22F3280F2A6D000FF1D2 /* Resources */,
			);
			buildRules = (
			);
			dependencies = (
			);
			name = "CatchTheKennyGame (macOS)";
			productName = "CatchTheKennyGame (macOS)";
			productReference = 44DA22F5280F2A6D000FF1D2 /* CatchTheKennyGame.app */;
			productType = "com.apple.product-type.application";
		};
		44DA22FB280F2A6D000FF1D2 /* Tests iOS */ = {
			isa = PBXNativeTarget;
			buildConfigurationList = 44DA231E280F2A6D000FF1D2 /* Build configuration list for PBXNativeTarget "Tests iOS" */;
			buildPhases = (
				44DA22F8280F2A6D000FF1D2 /* Sources */,
				44DA22F9280F2A6D000FF1D2 /* Frameworks */,
				44DA22FA280F2A6D000FF1D2 /* Resources */,
			);
			buildRules = (
			);
			dependencies = (
				44DA22FE280F2A6D000FF1D2 /* PBXTargetDependency */,
			);
			name = "Tests iOS";
			productName = "Tests iOS";
			productReference = 44DA22FC280F2A6D000FF1D2 /* Tests iOS.xctest */;
			productType = "com.apple.product-type.bundle.ui-testing";
		};
		44DA2307280F2A6D000FF1D2 /* Tests macOS */ = {
			isa = PBXNativeTarget;
			buildConfigurationList = 44DA2321280F2A6D000FF1D2 /* Build configuration list for PBXNativeTarget "Tests macOS" */;
			buildPhases = (
				44DA2304280F2A6D000FF1D2 /* Sources */,
				44DA2305280F2A6D000FF1D2 /* Frameworks */,
				44DA2306280F2A6D000FF1D2 /* Resources */,
			);
			buildRules = (
			);
			dependencies = (
				44DA230A280F2A6D000FF1D2 /* PBXTargetDependency */,
			);
			name = "Tests macOS";
			productName = "Tests macOS";
			productReference = 44DA2308280F2A6D000FF1D2 /* Tests macOS.xctest */;
			productType = "com.apple.product-type.bundle.ui-testing";
		};
/* End PBXNativeTarget section */

/* Begin PBXProject section */
		44DA22E3280F2A6B000FF1D2 /* Project object */ = {
			isa = PBXProject;
			attributes = {
				BuildIndependentTargetsInParallel = 1;
				LastSwiftUpdateCheck = 1330;
				LastUpgradeCheck = 1330;
				TargetAttributes = {
					44DA22EE280F2A6D000FF1D2 = {
						CreatedOnToolsVersion = 13.3.1;
					};
					44DA22F4280F2A6D000FF1D2 = {
						CreatedOnToolsVersion = 13.3.1;
					};
					44DA22FB280F2A6D000FF1D2 = {
						CreatedOnToolsVersion = 13.3.1;
						TestTargetID = 44DA22EE280F2A6D000FF1D2;
					};
					44DA2307280F2A6D000FF1D2 = {
						CreatedOnToolsVersion = 13.3.1;
						TestTargetID = 44DA22F4280F2A6D000FF1D2;
					};
				};
			};
			buildConfigurationList = 44DA22E6280F2A6B000FF1D2 /* Build configuration list for PBXProject "CatchTheKennyGame" */;
			compatibilityVersion = "Xcode 13.0";
			developmentRegion = en;
			hasScannedForEncodings = 0;
			knownRegions = (
				en,
				Base,
			);
			mainGroup = 44DA22E2280F2A6B000FF1D2;
			productRefGroup = 44DA22F0280F2A6D000FF1D2 /* Products */;
			projectDirPath = "";
			projectRoot = "";
			targets = (
				44DA22EE280F2A6D000FF1D2 /* CatchTheKennyGame (iOS) */,
				44DA22F4280F2A6D000FF1D2 /* CatchTheKennyGame (macOS) */,
				44DA22FB280F2A6D000FF1D2 /* Tests iOS */,
				44DA2307280F2A6D000FF1D2 /* Tests macOS */,
			);
		};
/* End PBXProject section */

/* Begin PBXResourcesBuildPhase section */
		44DA22ED280F2A6D000FF1D2 /* Resources */ = {
			isa = PBXResourcesBuildPhase;
			buildActionMask = 2147483647;
			files = (
				44DA2314280F2A6D000FF1D2 /* Assets.xcassets in Resources */,
			);
			runOnlyForDeploymentPostprocessing = 0;
		};
		44DA22F3280F2A6D000FF1D2 /* Resources */ = {
			isa = PBXResourcesBuildPhase;
			buildActionMask = 2147483647;
			files = (
				44DA2315280F2A6D000FF1D2 /* Assets.xcassets in Resources */,
			);
			runOnlyForDeploymentPostprocessing = 0;
		};
		44DA22FA280F2A6D000FF1D2 /* Resources */ = {
			isa = PBXResourcesBuildPhase;
			buildActionMask = 2147483647;
			files = (
			);
			runOnlyForDeploymentPostprocessing = 0;
		};
		44DA2306280F2A6D000FF1D2 /* Resources */ = {
			isa = PBXResourcesBuildPhase;
			buildActionMask = 2147483647;
			files = (
			);
			runOnlyForDeploymentPostprocessing = 0;
		};
/* End PBXResourcesBuildPhase section */

/* Begin PBXSourcesBuildPhase section */
		44DA22EB280F2A6D000FF1D2 /* Sources */ = {
			isa = PBXSourcesBuildPhase;
			buildActionMask = 2147483647;
			files = (
				44DA2312280F2A6D000FF1D2 /* ContentView.swift in Sources */,
				44DA2310280F2A6D000FF1D2 /* CatchTheKennyGameApp.swift in Sources */,
			);
			runOnlyForDeploymentPostprocessing = 0;
		};
		44DA22F1280F2A6D000FF1D2 /* Sources */ = {
			isa = PBXSourcesBuildPhase;
			buildActionMask = 2147483647;
			files = (
				44DA2313280F2A6D000FF1D2 /* ContentView.swift in Sources */,
				44DA2311280F2A6D000FF1D2 /* CatchTheKennyGameApp.swift in Sources */,
			);
			runOnlyForDeploymentPostprocessing = 0;
		};
		44DA22F8280F2A6D000FF1D2 /* Sources */ = {
			isa = PBXSourcesBuildPhase;
			buildActionMask = 2147483647;
			files = (
				44DA2303280F2A6D000FF1D2 /* Tests_iOSLaunchTests.swift in Sources */,
				44DA2301280F2A6D000FF1D2 /* Tests_iOS.swift in Sources */,
			);
			runOnlyForDeploymentPostprocessing = 0;
		};
		44DA2304280F2A6D000FF1D2 /* Sources */ = {
			isa = PBXSourcesBuildPhase;
			buildActionMask = 2147483647;
			files = (
				44DA230F280F2A6D000FF1D2 /* Tests_macOSLaunchTests.swift in Sources */,
				44DA230D280F2A6D000FF1D2 /* Tests_macOS.swift in Sources */,
			);
			runOnlyForDeploymentPostprocessing = 0;
		};
/* End PBXSourcesBuildPhase section */

/* Begin PBXTargetDependency section */
		44DA22FE280F2A6D000FF1D2 /* PBXTargetDependency */ = {
			isa = PBXTargetDependency;
			target = 44DA22EE280F2A6D000FF1D2 /* CatchTheKennyGame (iOS) */;
			targetProxy = 44DA22FD280F2A6D000FF1D2 /* PBXContainerItemProxy */;
		};
		44DA230A280F2A6D000FF1D2 /* PBXTargetDependency */ = {
			isa = PBXTargetDependency;
			target = 44DA22F4280F2A6D000FF1D2 /* CatchTheKennyGame (macOS) */;
			targetProxy = 44DA2309280F2A6D000FF1D2 /* PBXContainerItemProxy */;
		};
/* End PBXTargetDependency section */

/* Begin XCBuildConfiguration section */
		44DA2316280F2A6D000FF1D2 /* Debug */ = {
			isa = XCBuildConfiguration;
			buildSettings = {
				ALWAYS_SEARCH_USER_PATHS = NO;
				CLANG_ANALYZER_NONNULL = YES;
				CLANG_ANALYZER_NUMBER_OBJECT_CONVERSION = YES_AGGRESSIVE;
				CLANG_CXX_LANGUAGE_STANDARD = "gnu++17";
				CLANG_ENABLE_MODULES = YES;
				CLANG_ENABLE_OBJC_ARC = YES;
				CLANG_ENABLE_OBJC_WEAK = YES;
				CLANG_WARN_BLOCK_CAPTURE_AUTORELEASING = YES;
				CLANG_WARN_BOOL_CONVERSION = YES;
				CLANG_WARN_COMMA = YES;
				CLANG_WARN_CONSTANT_CONVERSION = YES;
				CLANG_WARN_DEPRECATED_OBJC_IMPLEMENTATIONS = YES;
				CLANG_WARN_DIRECT_OBJC_ISA_USAGE = YES_ERROR;
				CLANG_WARN_DOCUMENTATION_COMMENTS = YES;
				CLANG_WARN_EMPTY_BODY = YES;
				CLANG_WARN_ENUM_CONVERSION = YES;
				CLANG_WARN_INFINITE_RECURSION = YES;
				CLANG_WARN_INT_CONVERSION = YES;
				CLANG_WARN_NON_LITERAL_NULL_CONVERSION = YES;
				CLANG_WARN_OBJC_IMPLICIT_RETAIN_SELF = YES;
				CLANG_WARN_OBJC_LITERAL_CONVERSION = YES;
				CLANG_WARN_OBJC_ROOT_CLASS = YES_ERROR;
				CLANG_WARN_QUOTED_INCLUDE_IN_FRAMEWORK_HEADER = YES;
				CLANG_WARN_RANGE_LOOP_ANALYSIS = YES;
				CLANG_WARN_STRICT_PROTOTYPES = YES;
				CLANG_WARN_SUSPICIOUS_MOVE = YES;
				CLANG_WARN_UNGUARDED_AVAILABILITY = YES_AGGRESSIVE;
				CLANG_WARN_UNREACHABLE_CODE = YES;
				CLANG_WARN__DUPLICATE_METHOD_MATCH = YES;
				COPY_PHASE_STRIP = NO;
				DEBUG_INFORMATION_FORMAT = dwarf;
				ENABLE_STRICT_OBJC_MSGSEND = YES;
				ENABLE_TESTABILITY = YES;
				GCC_C_LANGUAGE_STANDARD = gnu11;
				GCC_DYNAMIC_NO_PIC = NO;
				GCC_NO_COMMON_BLOCKS = YES;
				GCC_OPTIMIZATION_LEVEL = 0;
				GCC_PREPROCESSOR_DEFINITIONS = (
					"DEBUG=1",
					"$(inherited)",
				);
				GCC_WARN_64_TO_32_BIT_CONVERSION = YES;
				GCC_WARN_ABOUT_RETURN_TYPE = YES_ERROR;
				GCC_WARN_UNDECLARED_SELECTOR = YES;
				GCC_WARN_UNINITIALIZED_AUTOS = YES_AGGRESSIVE;
				GCC_WARN_UNUSED_FUNCTION = YES;
				GCC_WARN_UNUSED_VARIABLE = YES;
				MTL_ENABLE_DEBUG_INFO = INCLUDE_SOURCE;
				MTL_FAST_MATH = YES;
				ONLY_ACTIVE_ARCH = YES;
				SWIFT_ACTIVE_COMPILATION_CONDITIONS = DEBUG;
				SWIFT_OPTIMIZATION_LEVEL = "-Onone";
			};
			name = Debug;
		};
		44DA2317280F2A6D000FF1D2 /* Release */ = {
			isa = XCBuildConfiguration;
			buildSettings = {
				ALWAYS_SEARCH_USER_PATHS = NO;
				CLANG_ANALYZER_NONNULL = YES;
				CLANG_ANALYZER_NUMBER_OBJECT_CONVERSION = YES_AGGRESSIVE;
				CLANG_CXX_LANGUAGE_STANDARD = "gnu++17";
				CLANG_ENABLE_MODULES = YES;
				CLANG_ENABLE_OBJC_ARC = YES;
				CLANG_ENABLE_OBJC_WEAK = YES;
				CLANG_WARN_BLOCK_CAPTURE_AUTORELEASING = YES;
				CLANG_WARN_BOOL_CONVERSION = YES;
				CLANG_WARN_COMMA = YES;
				CLANG_WARN_CONSTANT_CONVERSION = YES;
				CLANG_WARN_DEPRECATED_OBJC_IMPLEMENTATIONS = YES;
				CLANG_WARN_DIRECT_OBJC_ISA_USAGE = YES_ERROR;
				CLANG_WARN_DOCUMENTATION_COMMENTS = YES;
				CLANG_WARN_EMPTY_BODY = YES;
				CLANG_WARN_ENUM_CONVERSION = YES;
				CLANG_WARN_INFINITE_RECURSION = YES;
				CLANG_WARN_INT_CONVERSION = YES;
				CLANG_WARN_NON_LITERAL_NULL_CONVERSION = YES;
				CLANG_WARN_OBJC_IMPLICIT_RETAIN_SELF = YES;
				CLANG_WARN_OBJC_LITERAL_CONVERSION = YES;
				CLANG_WARN_OBJC_ROOT_CLASS = YES_ERROR;
				CLANG_WARN_QUOTED_INCLUDE_IN_FRAMEWORK_HEADER = YES;
				CLANG_WARN_RANGE_LOOP_ANALYSIS = YES;
				CLANG_WARN_STRICT_PROTOTYPES = YES;
				CLANG_WARN_SUSPICIOUS_MOVE = YES;
				CLANG_WARN_UNGUARDED_AVAILABILITY = YES_AGGRESSIVE;
				CLANG_WARN_UNREACHABLE_CODE = YES;
				CLANG_WARN__DUPLICATE_METHOD_MATCH = YES;
				COPY_PHASE_STRIP = NO;
				DEBUG_INFORMATION_FORMAT = "dwarf-with-dsym";
				ENABLE_NS_ASSERTIONS = NO;
				ENABLE_STRICT_OBJC_MSGSEND = YES;
				GCC_C_LANGUAGE_STANDARD = gnu11;
				GCC_NO_COMMON_BLOCKS = YES;
				GCC_WARN_64_TO_32_BIT_CONVERSION = YES;
				GCC_WARN_ABOUT_RETURN_TYPE = YES_ERROR;
				GCC_WARN_UNDECLARED_SELECTOR = YES;
				GCC_WARN_UNINITIALIZED_AUTOS = YES_AGGRESSIVE;
				GCC_WARN_UNUSED_FUNCTION = YES;
				GCC_WARN_UNUSED_VARIABLE = YES;
				MTL_ENABLE_DEBUG_INFO = NO;
				MTL_FAST_MATH = YES;
				SWIFT_COMPILATION_MODE = wholemodule;
				SWIFT_OPTIMIZATION_LEVEL = "-O";
			};
			name = Release;
		};
		44DA2319280F2A6D000FF1D2 /* Debug */ = {
			isa = XCBuildConfiguration;
			buildSettings = {
				ASSETCATALOG_COMPILER_APPICON_NAME = AppIcon;
				ASSETCATALOG_COMPILER_GLOBAL_ACCENT_COLOR_NAME = AccentColor;
				CODE_SIGN_STYLE = Automatic;
				CURRENT_PROJECT_VERSION = 1;
				DEVELOPMENT_TEAM = WH322J4Y68;
				ENABLE_PREVIEWS = YES;
				GENERATE_INFOPLIST_FILE = YES;
				INFOPLIST_KEY_UIApplicationSceneManifest_Generation = YES;
				INFOPLIST_KEY_UIApplicationSupportsIndirectInputEvents = YES;
				INFOPLIST_KEY_UILaunchScreen_Generation = YES;
				INFOPLIST_KEY_UISupportedInterfaceOrientations_iPad = "UIInterfaceOrientationPortrait UIInterfaceOrientationPortraitUpsideDown UIInterfaceOrientationLandscapeLeft UIInterfaceOrientationLandscapeRight";
				INFOPLIST_KEY_UISupportedInterfaceOrientations_iPhone = "UIInterfaceOrientationPortrait UIInterfaceOrientationLandscapeLeft UIInterfaceOrientationLandscapeRight";
				IPHONEOS_DEPLOYMENT_TARGET = 15.4;
				LD_RUNPATH_SEARCH_PATHS = (
					"$(inherited)",
					"@executable_path/Frameworks",
				);
				MARKETING_VERSION = 1.0;
				PRODUCT_BUNDLE_IDENTIFIER = com.nisaefendioglu.CatchTheKennyGame;
				PRODUCT_NAME = CatchTheKennyGame;
				SDKROOT = iphoneos;
				SWIFT_EMIT_LOC_STRINGS = YES;
				SWIFT_VERSION = 5.0;
				TARGETED_DEVICE_FAMILY = "1,2";
			};
			name = Debug;
		};
		44DA231A280F2A6D000FF1D2 /* Release */ = {
			isa = XCBuildConfiguration;
			buildSettings = {
				ASSETCATALOG_COMPILER_APPICON_NAME = AppIcon;
				ASSETCATALOG_COMPILER_GLOBAL_ACCENT_COLOR_NAME = AccentColor;
				CODE_SIGN_STYLE = Automatic;
				CURRENT_PROJECT_VERSION = 1;
				DEVELOPMENT_TEAM = WH322J4Y68;
				ENABLE_PREVIEWS = YES;
				GENERATE_INFOPLIST_FILE = YES;
				INFOPLIST_KEY_UIApplicationSceneManifest_Generation = YES;
				INFOPLIST_KEY_UIApplicationSupportsIndirectInputEvents = YES;
				INFOPLIST_KEY_UILaunchScreen_Generation = YES;
				INFOPLIST_KEY_UISupportedInterfaceOrientations_iPad = "UIInterfaceOrientationPortrait UIInterfaceOrientationPortraitUpsideDown UIInterfaceOrientationLandscapeLeft UIInterfaceOrientationLandscapeRight";
				INFOPLIST_KEY_UISupportedInterfaceOrientations_iPhone = "UIInterfaceOrientationPortrait UIInterfaceOrientationLandscapeLeft UIInterfaceOrientationLandscapeRight";
				IPHONEOS_DEPLOYMENT_TARGET = 15.4;
				LD_RUNPATH_SEARCH_PATHS = (
					"$(inherited)",
					"@executable_path/Frameworks",
				);
				MARKETING_VERSION = 1.0;
				PRODUCT_BUNDLE_IDENTIFIER = com.nisaefendioglu.CatchTheKennyGame;
				PRODUCT_NAME = CatchTheKennyGame;
				SDKROOT = iphoneos;
				SWIFT_EMIT_LOC_STRINGS = YES;
				SWIFT_VERSION = 5.0;
				TARGETED_DEVICE_FAMILY = "1,2";
				VALIDATE_PRODUCT = YES;
			};
			name = Release;
		};
		44DA231C280F2A6D000FF1D2 /* Debug */ = {
			isa = XCBuildConfiguration;
			buildSettings = {
				ASSETCATALOG_COMPILER_APPICON_NAME = AppIcon;
				ASSETCATALOG_COMPILER_GLOBAL_ACCENT_COLOR_NAME = AccentColor;
				CODE_SIGN_ENTITLEMENTS = macOS/macOS.entitlements;
				CODE_SIGN_STYLE = Automatic;
				COMBINE_HIDPI_IMAGES = YES;
				CURRENT_PROJECT_VERSION = 1;
				DEVELOPMENT_TEAM = WH322J4Y68;
				ENABLE_HARDENED_RUNTIME = YES;
				ENABLE_PREVIEWS = YES;
				GENERATE_INFOPLIST_FILE = YES;
				INFOPLIST_KEY_NSHumanReadableCopyright = "";
				LD_RUNPATH_SEARCH_PATHS = (
					"$(inherited)",
					"@executable_path/../Frameworks",
				);
				MACOSX_DEPLOYMENT_TARGET = 12.2;
				MARKETING_VERSION = 1.0;
				PRODUCT_BUNDLE_IDENTIFIER = com.nisaefendioglu.CatchTheKennyGame;
				PRODUCT_NAME = CatchTheKennyGame;
				SDKROOT = macosx;
				SWIFT_EMIT_LOC_STRINGS = YES;
				SWIFT_VERSION = 5.0;
			};
			name = Debug;
		};
		44DA231D280F2A6D000FF1D2 /* Release */ = {
			isa = XCBuildConfiguration;
			buildSettings = {
				ASSETCATALOG_COMPILER_APPICON_NAME = AppIcon;
				ASSETCATALOG_COMPILER_GLOBAL_ACCENT_COLOR_NAME = AccentColor;
				CODE_SIGN_ENTITLEMENTS = macOS/macOS.entitlements;
				CODE_SIGN_STYLE = Automatic;
				COMBINE_HIDPI_IMAGES = YES;
				CURRENT_PROJECT_VERSION = 1;
				DEVELOPMENT_TEAM = WH322J4Y68;
				ENABLE_HARDENED_RUNTIME = YES;
				ENABLE_PREVIEWS = YES;
				GENERATE_INFOPLIST_FILE = YES;
				INFOPLIST_KEY_NSHumanReadableCopyright = "";
				LD_RUNPATH_SEARCH_PATHS = (
					"$(inherited)",
					"@executable_path/../Frameworks",
				);
				MACOSX_DEPLOYMENT_TARGET = 12.2;
				MARKETING_VERSION = 1.0;
				PRODUCT_BUNDLE_IDENTIFIER = com.nisaefendioglu.CatchTheKennyGame;
				PRODUCT_NAME = CatchTheKennyGame;
				SDKROOT = macosx;
				SWIFT_EMIT_LOC_STRINGS = YES;
				SWIFT_VERSION = 5.0;
			};
			name = Release;
		};
		44DA231F280F2A6D000FF1D2 /* Debug */ = {
			isa = XCBuildConfiguration;
			buildSettings = {
				ALWAYS_EMBED_SWIFT_STANDARD_LIBRARIES = YES;
				CODE_SIGN_STYLE = Automatic;
				CURRENT_PROJECT_VERSION = 1;
				DEVELOPMENT_TEAM = WH322J4Y68;
				GENERATE_INFOPLIST_FILE = YES;
				IPHONEOS_DEPLOYMENT_TARGET = 15.4;
				MARKETING_VERSION = 1.0;
				PRODUCT_BUNDLE_IDENTIFIER = "com.nisaefendioglu.Tests-iOS";
				PRODUCT_NAME = "$(TARGET_NAME)";
				SDKROOT = iphoneos;
				SWIFT_EMIT_LOC_STRINGS = NO;
				SWIFT_VERSION = 5.0;
				TARGETED_DEVICE_FAMILY = "1,2";
				TEST_TARGET_NAME = "CatchTheKennyGame (iOS)";
			};
			name = Debug;
		};
		44DA2320280F2A6D000FF1D2 /* Release */ = {
			isa = XCBuildConfiguration;
			buildSettings = {
				ALWAYS_EMBED_SWIFT_STANDARD_LIBRARIES = YES;
				CODE_SIGN_STYLE = Automatic;
				CURRENT_PROJECT_VERSION = 1;
				DEVELOPMENT_TEAM = WH322J4Y68;
				GENERATE_INFOPLIST_FILE = YES;
				IPHONEOS_DEPLOYMENT_TARGET = 15.4;
				MARKETING_VERSION = 1.0;
				PRODUCT_BUNDLE_IDENTIFIER = "com.nisaefendioglu.Tests-iOS";
				PRODUCT_NAME = "$(TARGET_NAME)";
				SDKROOT = iphoneos;
				SWIFT_EMIT_LOC_STRINGS = NO;
				SWIFT_VERSION = 5.0;
				TARGETED_DEVICE_FAMILY = "1,2";
				TEST_TARGET_NAME = "CatchTheKennyGame (iOS)";
				VALIDATE_PRODUCT = YES;
			};
			name = Release;
		};
		44DA2322280F2A6D000FF1D2 /* Debug */ = {
			isa = XCBuildConfiguration;
			buildSettings = {
				ALWAYS_EMBED_SWIFT_STANDARD_LIBRARIES = YES;
				CODE_SIGN_STYLE = Automatic;
				CURRENT_PROJECT_VERSION = 1;
				DEVELOPMENT_TEAM = WH322J4Y68;
				GENERATE_INFOPLIST_FILE = YES;
				MACOSX_DEPLOYMENT_TARGET = 12.2;
				MARKETING_VERSION = 1.0;
				PRODUCT_BUNDLE_IDENTIFIER = "com.nisaefendioglu.Tests-macOS";
				PRODUCT_NAME = "$(TARGET_NAME)";
				SDKROOT = macosx;
				SWIFT_EMIT_LOC_STRINGS = NO;
				SWIFT_VERSION = 5.0;
				TEST_TARGET_NAME = "CatchTheKennyGame (macOS)";
			};
			name = Debug;
		};
		44DA2323280F2A6D000FF1D2 /* Release */ = {
			isa = XCBuildConfiguration;
			buildSettings = {
				ALWAYS_EMBED_SWIFT_STANDARD_LIBRARIES = YES;
				CODE_SIGN_STYLE = Automatic;
				CURRENT_PROJECT_VERSION = 1;
				DEVELOPMENT_TEAM = WH322J4Y68;
				GENERATE_INFOPLIST_FILE = YES;
				MACOSX_DEPLOYMENT_TARGET = 12.2;
				MARKETING_VERSION = 1.0;
				PRODUCT_BUNDLE_IDENTIFIER = "com.nisaefendioglu.Tests-macOS";
				PRODUCT_NAME = "$(TARGET_NAME)";
				SDKROOT = macosx;
				SWIFT_EMIT_LOC_STRINGS = NO;
				SWIFT_VERSION = 5.0;
				TEST_TARGET_NAME = "CatchTheKennyGame (macOS)";
			};
			name = Release;
		};
/* End XCBuildConfiguration section */

/* Begin XCConfigurationList section */
		44DA22E6280F2A6B000FF1D2 /* Build configuration list for PBXProject "CatchTheKennyGame" */ = {
			isa = XCConfigurationList;
			buildConfigurations = (
				44DA2316280F2A6D000FF1D2 /* Debug */,
				44DA2317280F2A6D000FF1D2 /* Release */,
			);
			defaultConfigurationIsVisible = 0;
			defaultConfigurationName = Release;
		};
		44DA2318280F2A6D000FF1D2 /* Build configuration list for PBXNativeTarget "CatchTheKennyGame (iOS)" */ = {
			isa = XCConfigurationList;
			buildConfigurations = (
				44DA2319280F2A6D000FF1D2 /* Debug */,
				44DA231A280F2A6D000FF1D2 /* Release */,
			);
			defaultConfigurationIsVisible = 0;
			defaultConfigurationName = Release;
		};
		44DA231B280F2A6D000FF1D2 /* Build configuration list for PBXNativeTarget "CatchTheKennyGame (macOS)" */ = {
			isa = XCConfigurationList;
			buildConfigurations = (
				44DA231C280F2A6D000FF1D2 /* Debug */,
				44DA231D280F2A6D000FF1D2 /* Release */,
			);
			defaultConfigurationIsVisible = 0;
			defaultConfigurationName = Release;
		};
		44DA231E280F2A6D000FF1D2 /* Build configuration list for PBXNativeTarget "Tests iOS" */ = {
			isa = XCConfigurationList;
			buildConfigurations = (
				44DA231F280F2A6D000FF1D2 /* Debug */,
				44DA2320280F2A6D000FF1D2 /* Release */,
			);
			defaultConfigurationIsVisible = 0;
			defaultConfigurationName = Release;
		};
		44DA2321280F2A6D000FF1D2 /* Build configuration list for PBXNativeTarget "Tests macOS" */ = {
			isa = XCConfigurationList;
			buildConfigurations = (
				44DA2322280F2A6D000FF1D2 /* Debug */,
				44DA2323280F2A6D000FF1D2 /* Release */,
			);
			defaultConfigurationIsVisible = 0;
			defaultConfigurationName = Release;
		};
/* End XCConfigurationList section */
	};
	rootObject = 44DA22E3280F2A6B000FF1D2 /* Project object */;
}
